PODS:
  - Alamofire (4.8.2)
  - Moya (13.0.1):
    - Moya/Core (= 13.0.1)
  - Moya/Core (13.0.1):
    - Alamofire (~> 4.1)
    - Result (~> 4.1)
  - NVActivityIndicatorView (4.7.0):
    - NVActivityIndicatorView/Presenter (= 4.7.0)
  - NVActivityIndicatorView/Presenter (4.7.0)
  - Result (4.1.0)

DEPENDENCIES:
  - Moya
  - NVActivityIndicatorView

SPEC REPOS:
  https://github.com/cocoapods/specs.git:
    - Alamofire
    - Moya
    - NVActivityIndicatorView
    - Result

SPEC CHECKSUMS:
  Alamofire: ae5c501addb7afdbb13687d7f2f722c78734c2d3
  Moya: f4a4b80ff2f8a4ffc208dfb31cd91636622fee6e
  NVActivityIndicatorView: b19ddab2576f805cbe0fb2306cba3476e09a1dea
  Result: bd966fac789cc6c1563440b348ab2598cc24d5c7

PODFILE CHECKSUM: d042f7655dd9880d41c375a94b1bbf26b068755b

COCOAPODS: 1.7.4
