PODS:
  - NVActivityIndicatorView (4.7.0):
    - NVActivityIndicatorView/Presenter (= 4.7.0)
  - NVActivityIndicatorView/Presenter (4.7.0)

DEPENDENCIES:
  - NVActivityIndicatorView

SPEC REPOS:
  https://github.com/cocoapods/specs.git:
    - NVActivityIndicatorView

SPEC CHECKSUMS:
  NVActivityIndicatorView: b19ddab2576f805cbe0fb2306cba3476e09a1dea

PODFILE CHECKSUM: b8b0239eef5dc422d43bd3b4b8fba769baa4033d

COCOAPODS: 1.7.2
