// !$*UTF8*$!
{
	archiveVersion = 1;
	classes = {
	};
	objectVersion = 51;
	objects = {

/* Begin PBXBuildFile section */
		2A054C5E60CCE51FE88BD8C8 /* Pods_MungGu_iOSTests.framework in Frameworks */ = {isa = PBXBuildFile; fileRef = 7C5E8E093C2C1B3CFE35E8F4 /* Pods_MungGu_iOSTests.framework */; };
		8303F5518DAF62F7B89732AF /* Pods_MungGu_iOSUITests.framework in Frameworks */ = {isa = PBXBuildFile; fileRef = 4DC3CB4A7CDC0ECD55E5F073 /* Pods_MungGu_iOSUITests.framework */; };
		83FA99CE22C7993F009B1EA6 /* FileListViewController.swift in Sources */ = {isa = PBXBuildFile; fileRef = 83FA99CD22C7993F009B1EA6 /* FileListViewController.swift */; };
		83FA99D222C79C56009B1EA6 /* MySplitViewController.swift in Sources */ = {isa = PBXBuildFile; fileRef = 83FA99D122C79C56009B1EA6 /* MySplitViewController.swift */; };
		83FA99D422C7C2E1009B1EA6 /* FIle.swift in Sources */ = {isa = PBXBuildFile; fileRef = 83FA99D322C7C2E1009B1EA6 /* FIle.swift */; };
		AECC601022C8432C00561DCF /* RightSlideMenuMainViewCell.swift in Sources */ = {isa = PBXBuildFile; fileRef = AECC600F22C8432C00561DCF /* RightSlideMenuMainViewCell.swift */; };
		AECC601222C8477B00561DCF /* ContentContainerViewController.swift in Sources */ = {isa = PBXBuildFile; fileRef = AECC601122C8477B00561DCF /* ContentContainerViewController.swift */; };
		AECC601422C8478800561DCF /* RightSlideMenuViewController.swift in Sources */ = {isa = PBXBuildFile; fileRef = AECC601322C8478800561DCF /* RightSlideMenuViewController.swift */; };
		C29AD8153EE3C43FE16969CB /* Pods_MungGu_iOS.framework in Frameworks */ = {isa = PBXBuildFile; fileRef = 33D6DE06EDA458689A84CA0B /* Pods_MungGu_iOS.framework */; };
		CE08A9C022D8FF2200281381 /* Service.swift in Sources */ = {isa = PBXBuildFile; fileRef = CE08A9B922D8FF2200281381 /* Service.swift */; };
		CE08A9C222D8FF2200281381 /* Model.swift in Sources */ = {isa = PBXBuildFile; fileRef = CE08A9BC22D8FF2200281381 /* Model.swift */; };
		CE08A9C422D8FF2200281381 /* Provider.swift in Sources */ = {isa = PBXBuildFile; fileRef = CE08A9BF22D8FF2200281381 /* Provider.swift */; };
		CE5C646E22C74AE700EC8AF4 /* AppDelegate.swift in Sources */ = {isa = PBXBuildFile; fileRef = CE5C646D22C74AE700EC8AF4 /* AppDelegate.swift */; };
		CE5C647522C74AE900EC8AF4 /* Assets.xcassets in Resources */ = {isa = PBXBuildFile; fileRef = CE5C647422C74AE900EC8AF4 /* Assets.xcassets */; };
		CE5C647822C74AE900EC8AF4 /* LaunchScreen.storyboard in Resources */ = {isa = PBXBuildFile; fileRef = CE5C647622C74AE900EC8AF4 /* LaunchScreen.storyboard */; };
		CE5C648322C74AE900EC8AF4 /* MungGu_iOSTests.swift in Sources */ = {isa = PBXBuildFile; fileRef = CE5C648222C74AE900EC8AF4 /* MungGu_iOSTests.swift */; };
		CE5C648E22C74AE900EC8AF4 /* MungGu_iOSUITests.swift in Sources */ = {isa = PBXBuildFile; fileRef = CE5C648D22C74AE900EC8AF4 /* MungGu_iOSUITests.swift */; };
		CE86B01E22FE67F40040714F /* RightSlideMenuTestViewCell.swift in Sources */ = {isa = PBXBuildFile; fileRef = CE86B01D22FE67F40040714F /* RightSlideMenuTestViewCell.swift */; };
		CE86B02022FE68020040714F /* TestViewCell.swift in Sources */ = {isa = PBXBuildFile; fileRef = CE86B01F22FE68020040714F /* TestViewCell.swift */; };
		CE87B0102310256600BE8026 /* TestView.storyboard in Resources */ = {isa = PBXBuildFile; fileRef = CE87B00F2310256600BE8026 /* TestView.storyboard */; };
		CE87B0122310270300BE8026 /* TestViewController.swift in Sources */ = {isa = PBXBuildFile; fileRef = CE87B0112310270300BE8026 /* TestViewController.swift */; };
		CEB8DE7A22E8985A00DEB6AA /* DeviceManager.swift in Sources */ = {isa = PBXBuildFile; fileRef = CEB8DE7922E8985A00DEB6AA /* DeviceManager.swift */; };
		CEC8928D22D91CAB004BA075 /* Document.swift in Sources */ = {isa = PBXBuildFile; fileRef = CEC8928722D91CAB004BA075 /* Document.swift */; };
		CEC8928E22D91CAB004BA075 /* Document.storyboard in Resources */ = {isa = PBXBuildFile; fileRef = CEC8928822D91CAB004BA075 /* Document.storyboard */; };
		CEC8929022D91CAB004BA075 /* DocumentBrowserViewController.swift in Sources */ = {isa = PBXBuildFile; fileRef = CEC8928A22D91CAB004BA075 /* DocumentBrowserViewController.swift */; };
		CEC8929222D93C27004BA075 /* DocumentDataManager.swift in Sources */ = {isa = PBXBuildFile; fileRef = CEC8929122D93C27004BA075 /* DocumentDataManager.swift */; };
		CEC8929522D94ABA004BA075 /* AlertShowable.swift in Sources */ = {isa = PBXBuildFile; fileRef = CEC8929422D94ABA004BA075 /* AlertShowable.swift */; };
		CEC8929822D98A7F004BA075 /* Main.storyboard in Resources */ = {isa = PBXBuildFile; fileRef = CEC8929622D98A7F004BA075 /* Main.storyboard */; };
		CECA294622EB70C400DF3863 /* FileListView.storyboard in Resources */ = {isa = PBXBuildFile; fileRef = CECA294522EB70C400DF3863 /* FileListView.storyboard */; };
		CECA294822EB728C00DF3863 /* ContentView.storyboard in Resources */ = {isa = PBXBuildFile; fileRef = CECA294722EB728C00DF3863 /* ContentView.storyboard */; };
		CECA294A22EB76FF00DF3863 /* RightSlideView.storyboard in Resources */ = {isa = PBXBuildFile; fileRef = CECA294922EB76FF00DF3863 /* RightSlideView.storyboard */; };
		CECCE9FE22EB7BB3009A1123 /* CommonNavigationView.xib in Resources */ = {isa = PBXBuildFile; fileRef = CECCE9FD22EB7BB3009A1123 /* CommonNavigationView.xib */; };
		CECCEA0022EB7BCD009A1123 /* CommonNavigationView.swift in Sources */ = {isa = PBXBuildFile; fileRef = CECCE9FF22EB7BCD009A1123 /* CommonNavigationView.swift */; };
		CECDF2292324FA5D00399BAB /* TextFieldAccessoryView.xib in Resources */ = {isa = PBXBuildFile; fileRef = CECDF2282324FA5D00399BAB /* TextFieldAccessoryView.xib */; };
		CECDF22B2324FA6B00399BAB /* TextFieldAccessoryView.swift in Sources */ = {isa = PBXBuildFile; fileRef = CECDF22A2324FA6B00399BAB /* TextFieldAccessoryView.swift */; };
		D543B48C22EB4CC70047C3D7 /* UITextView+Highlight.swift in Sources */ = {isa = PBXBuildFile; fileRef = D543B48B22EB4CC70047C3D7 /* UITextView+Highlight.swift */; };
		D543B48E22EB535A0047C3D7 /* Highlight+NSRange.swift in Sources */ = {isa = PBXBuildFile; fileRef = D543B48D22EB535A0047C3D7 /* Highlight+NSRange.swift */; };
		D557614722C7EC6900505CC1 /* Colors.xcassets in Resources */ = {isa = PBXBuildFile; fileRef = D557614622C7EC6900505CC1 /* Colors.xcassets */; };
		D557614A22C7ECD100505CC1 /* UIColor.swift in Sources */ = {isa = PBXBuildFile; fileRef = D557614922C7ECD100505CC1 /* UIColor.swift */; };
		D557614D22C8DAAB00505CC1 /* HighlightingTextView.swift in Sources */ = {isa = PBXBuildFile; fileRef = D557614C22C8DAAB00505CC1 /* HighlightingTextView.swift */; };
		D56A604122D8DDAA0098EA46 /* FileTableViewCell.swift in Sources */ = {isa = PBXBuildFile; fileRef = D56A604022D8DDAA0098EA46 /* FileTableViewCell.swift */; };
		D56A604322D8E7D90098EA46 /* ContentViewController.swift in Sources */ = {isa = PBXBuildFile; fileRef = D56A604222D8E7D90098EA46 /* ContentViewController.swift */; };
		D56A604622D975110098EA46 /* Alerts.swift in Sources */ = {isa = PBXBuildFile; fileRef = D56A604522D975110098EA46 /* Alerts.swift */; };
		D56A604822D978310098EA46 /* Sample.swift in Sources */ = {isa = PBXBuildFile; fileRef = D56A604722D978310098EA46 /* Sample.swift */; };
		D56A604A22D97B700098EA46 /* UIAlertController+.swift in Sources */ = {isa = PBXBuildFile; fileRef = D56A604922D97B700098EA46 /* UIAlertController+.swift */; };
		D56A604C22D988910098EA46 /* HighlightingTextViewState.swift in Sources */ = {isa = PBXBuildFile; fileRef = D56A604B22D988910098EA46 /* HighlightingTextViewState.swift */; };
		D56A604E22D9929E0098EA46 /* HighlightTextViewDelegate.swift in Sources */ = {isa = PBXBuildFile; fileRef = D56A604D22D9929E0098EA46 /* HighlightTextViewDelegate.swift */; };
		D5C7759322C79CD900ADF692 /* PDFContent.swift in Sources */ = {isa = PBXBuildFile; fileRef = D5C7759222C79CD900ADF692 /* PDFContent.swift */; };
		D5C7759522C79E6B00ADF692 /* sample.pdf in Resources */ = {isa = PBXBuildFile; fileRef = D5C7759422C79E6A00ADF692 /* sample.pdf */; };
		D5F6AB1322FC6B4D00E3ABDE /* HighlightManager.swift in Sources */ = {isa = PBXBuildFile; fileRef = D5F6AB1222FC6B4D00E3ABDE /* HighlightManager.swift */; };
/* End PBXBuildFile section */

/* Begin PBXContainerItemProxy section */
		CE5C647F22C74AE900EC8AF4 /* PBXContainerItemProxy */ = {
			isa = PBXContainerItemProxy;
			containerPortal = CE5C646222C74AE700EC8AF4 /* Project object */;
			proxyType = 1;
			remoteGlobalIDString = CE5C646922C74AE700EC8AF4;
			remoteInfo = "MungGu iOS";
		};
		CE5C648A22C74AE900EC8AF4 /* PBXContainerItemProxy */ = {
			isa = PBXContainerItemProxy;
			containerPortal = CE5C646222C74AE700EC8AF4 /* Project object */;
			proxyType = 1;
			remoteGlobalIDString = CE5C646922C74AE700EC8AF4;
			remoteInfo = "MungGu iOS";
		};
/* End PBXContainerItemProxy section */

/* Begin PBXFileReference section */
		05554277463FF7E6C19AC99A /* Pods-MungGu iOS.debug.xcconfig */ = {isa = PBXFileReference; includeInIndex = 1; lastKnownFileType = text.xcconfig; name = "Pods-MungGu iOS.debug.xcconfig"; path = "Target Support Files/Pods-MungGu iOS/Pods-MungGu iOS.debug.xcconfig"; sourceTree = "<group>"; };
		1246F47A57A43DC699BDA815 /* Pods-MungGu iOSUITests.debug.xcconfig */ = {isa = PBXFileReference; includeInIndex = 1; lastKnownFileType = text.xcconfig; name = "Pods-MungGu iOSUITests.debug.xcconfig"; path = "Target Support Files/Pods-MungGu iOSUITests/Pods-MungGu iOSUITests.debug.xcconfig"; sourceTree = "<group>"; };
		2D996C9233544F6BB61D4057 /* Pods-MungGu iOSUITests.release.xcconfig */ = {isa = PBXFileReference; includeInIndex = 1; lastKnownFileType = text.xcconfig; name = "Pods-MungGu iOSUITests.release.xcconfig"; path = "Target Support Files/Pods-MungGu iOSUITests/Pods-MungGu iOSUITests.release.xcconfig"; sourceTree = "<group>"; };
		33D6DE06EDA458689A84CA0B /* Pods_MungGu_iOS.framework */ = {isa = PBXFileReference; explicitFileType = wrapper.framework; includeInIndex = 0; path = Pods_MungGu_iOS.framework; sourceTree = BUILT_PRODUCTS_DIR; };
		38B5C8FFC8A48F0A79C1CB53 /* Pods-MungGu iOSTests.release.xcconfig */ = {isa = PBXFileReference; includeInIndex = 1; lastKnownFileType = text.xcconfig; name = "Pods-MungGu iOSTests.release.xcconfig"; path = "Pods/Target Support Files/Pods-MungGu iOSTests/Pods-MungGu iOSTests.release.xcconfig"; sourceTree = "<group>"; };
		4AA47E521A4DBFC7B9CD4D1B /* Pods-MungGu iOS.release.xcconfig */ = {isa = PBXFileReference; includeInIndex = 1; lastKnownFileType = text.xcconfig; name = "Pods-MungGu iOS.release.xcconfig"; path = "Pods/Target Support Files/Pods-MungGu iOS/Pods-MungGu iOS.release.xcconfig"; sourceTree = "<group>"; };
		4DC3CB4A7CDC0ECD55E5F073 /* Pods_MungGu_iOSUITests.framework */ = {isa = PBXFileReference; explicitFileType = wrapper.framework; includeInIndex = 0; path = Pods_MungGu_iOSUITests.framework; sourceTree = BUILT_PRODUCTS_DIR; };
		4E32D495D6AE0CA433259530 /* Pods-MungGu iOSTests.debug.xcconfig */ = {isa = PBXFileReference; includeInIndex = 1; lastKnownFileType = text.xcconfig; name = "Pods-MungGu iOSTests.debug.xcconfig"; path = "Pods/Target Support Files/Pods-MungGu iOSTests/Pods-MungGu iOSTests.debug.xcconfig"; sourceTree = "<group>"; };
		7B8A1D7E33D90AFC249490DE /* Pods-MungGu iOSUITests.debug.xcconfig */ = {isa = PBXFileReference; includeInIndex = 1; lastKnownFileType = text.xcconfig; name = "Pods-MungGu iOSUITests.debug.xcconfig"; path = "Pods/Target Support Files/Pods-MungGu iOSUITests/Pods-MungGu iOSUITests.debug.xcconfig"; sourceTree = "<group>"; };
		7C5E8E093C2C1B3CFE35E8F4 /* Pods_MungGu_iOSTests.framework */ = {isa = PBXFileReference; explicitFileType = wrapper.framework; includeInIndex = 0; path = Pods_MungGu_iOSTests.framework; sourceTree = BUILT_PRODUCTS_DIR; };
		83FA99CD22C7993F009B1EA6 /* FileListViewController.swift */ = {isa = PBXFileReference; lastKnownFileType = sourcecode.swift; path = FileListViewController.swift; sourceTree = "<group>"; };
		83FA99D122C79C56009B1EA6 /* MySplitViewController.swift */ = {isa = PBXFileReference; lastKnownFileType = sourcecode.swift; path = MySplitViewController.swift; sourceTree = "<group>"; };
		83FA99D322C7C2E1009B1EA6 /* FIle.swift */ = {isa = PBXFileReference; lastKnownFileType = sourcecode.swift; path = FIle.swift; sourceTree = "<group>"; };
		9167B7F05C96A19F24FA05A5 /* Pods-MungGu iOSTests.release.xcconfig */ = {isa = PBXFileReference; includeInIndex = 1; lastKnownFileType = text.xcconfig; name = "Pods-MungGu iOSTests.release.xcconfig"; path = "Target Support Files/Pods-MungGu iOSTests/Pods-MungGu iOSTests.release.xcconfig"; sourceTree = "<group>"; };
		A50E91042CA73DF9B5BB48F4 /* Pods-MungGu iOS.debug.xcconfig */ = {isa = PBXFileReference; includeInIndex = 1; lastKnownFileType = text.xcconfig; name = "Pods-MungGu iOS.debug.xcconfig"; path = "Pods/Target Support Files/Pods-MungGu iOS/Pods-MungGu iOS.debug.xcconfig"; sourceTree = "<group>"; };
		ADEEB2C75E757B3C66C59518 /* Pods-MungGu iOSUITests.release.xcconfig */ = {isa = PBXFileReference; includeInIndex = 1; lastKnownFileType = text.xcconfig; name = "Pods-MungGu iOSUITests.release.xcconfig"; path = "Pods/Target Support Files/Pods-MungGu iOSUITests/Pods-MungGu iOSUITests.release.xcconfig"; sourceTree = "<group>"; };
		AECC600F22C8432C00561DCF /* RightSlideMenuMainViewCell.swift */ = {isa = PBXFileReference; lastKnownFileType = sourcecode.swift; path = RightSlideMenuMainViewCell.swift; sourceTree = "<group>"; };
		AECC601122C8477B00561DCF /* ContentContainerViewController.swift */ = {isa = PBXFileReference; lastKnownFileType = sourcecode.swift; path = ContentContainerViewController.swift; sourceTree = "<group>"; };
		AECC601322C8478800561DCF /* RightSlideMenuViewController.swift */ = {isa = PBXFileReference; lastKnownFileType = sourcecode.swift; path = RightSlideMenuViewController.swift; sourceTree = "<group>"; };
		CE08A9B922D8FF2200281381 /* Service.swift */ = {isa = PBXFileReference; fileEncoding = 4; lastKnownFileType = sourcecode.swift; path = Service.swift; sourceTree = "<group>"; };
		CE08A9BC22D8FF2200281381 /* Model.swift */ = {isa = PBXFileReference; fileEncoding = 4; lastKnownFileType = sourcecode.swift; path = Model.swift; sourceTree = "<group>"; };
		CE08A9BF22D8FF2200281381 /* Provider.swift */ = {isa = PBXFileReference; fileEncoding = 4; lastKnownFileType = sourcecode.swift; path = Provider.swift; sourceTree = "<group>"; };
		CE5C646A22C74AE700EC8AF4 /* MungGu iOS.app */ = {isa = PBXFileReference; explicitFileType = wrapper.application; includeInIndex = 0; path = "MungGu iOS.app"; sourceTree = BUILT_PRODUCTS_DIR; };
		CE5C646D22C74AE700EC8AF4 /* AppDelegate.swift */ = {isa = PBXFileReference; lastKnownFileType = sourcecode.swift; path = AppDelegate.swift; sourceTree = "<group>"; };
		CE5C647422C74AE900EC8AF4 /* Assets.xcassets */ = {isa = PBXFileReference; lastKnownFileType = folder.assetcatalog; path = Assets.xcassets; sourceTree = "<group>"; };
		CE5C647722C74AE900EC8AF4 /* Base */ = {isa = PBXFileReference; lastKnownFileType = file.storyboard; name = Base; path = Base.lproj/LaunchScreen.storyboard; sourceTree = "<group>"; };
		CE5C647922C74AE900EC8AF4 /* Info.plist */ = {isa = PBXFileReference; lastKnownFileType = text.plist.xml; path = Info.plist; sourceTree = "<group>"; };
		CE5C647E22C74AE900EC8AF4 /* MungGu iOSTests.xctest */ = {isa = PBXFileReference; explicitFileType = wrapper.cfbundle; includeInIndex = 0; path = "MungGu iOSTests.xctest"; sourceTree = BUILT_PRODUCTS_DIR; };
		CE5C648222C74AE900EC8AF4 /* MungGu_iOSTests.swift */ = {isa = PBXFileReference; lastKnownFileType = sourcecode.swift; path = MungGu_iOSTests.swift; sourceTree = "<group>"; };
		CE5C648422C74AE900EC8AF4 /* Info.plist */ = {isa = PBXFileReference; lastKnownFileType = text.plist.xml; path = Info.plist; sourceTree = "<group>"; };
		CE5C648922C74AE900EC8AF4 /* MungGu iOSUITests.xctest */ = {isa = PBXFileReference; explicitFileType = wrapper.cfbundle; includeInIndex = 0; path = "MungGu iOSUITests.xctest"; sourceTree = BUILT_PRODUCTS_DIR; };
		CE5C648D22C74AE900EC8AF4 /* MungGu_iOSUITests.swift */ = {isa = PBXFileReference; lastKnownFileType = sourcecode.swift; path = MungGu_iOSUITests.swift; sourceTree = "<group>"; };
		CE5C648F22C74AE900EC8AF4 /* Info.plist */ = {isa = PBXFileReference; lastKnownFileType = text.plist.xml; path = Info.plist; sourceTree = "<group>"; };
		CE86B01D22FE67F40040714F /* RightSlideMenuTestViewCell.swift */ = {isa = PBXFileReference; lastKnownFileType = sourcecode.swift; path = RightSlideMenuTestViewCell.swift; sourceTree = "<group>"; };
		CE86B01F22FE68020040714F /* TestViewCell.swift */ = {isa = PBXFileReference; lastKnownFileType = sourcecode.swift; path = TestViewCell.swift; sourceTree = "<group>"; };
		CE87B00F2310256600BE8026 /* TestView.storyboard */ = {isa = PBXFileReference; lastKnownFileType = file.storyboard; path = TestView.storyboard; sourceTree = "<group>"; };
		CE87B0112310270300BE8026 /* TestViewController.swift */ = {isa = PBXFileReference; lastKnownFileType = sourcecode.swift; path = TestViewController.swift; sourceTree = "<group>"; };
		CEB8DE7922E8985A00DEB6AA /* DeviceManager.swift */ = {isa = PBXFileReference; lastKnownFileType = sourcecode.swift; path = DeviceManager.swift; sourceTree = "<group>"; };
		CEC8928722D91CAB004BA075 /* Document.swift */ = {isa = PBXFileReference; fileEncoding = 4; lastKnownFileType = sourcecode.swift; path = Document.swift; sourceTree = "<group>"; };
		CEC8928822D91CAB004BA075 /* Document.storyboard */ = {isa = PBXFileReference; fileEncoding = 4; lastKnownFileType = file.storyboard; path = Document.storyboard; sourceTree = "<group>"; };
		CEC8928A22D91CAB004BA075 /* DocumentBrowserViewController.swift */ = {isa = PBXFileReference; fileEncoding = 4; lastKnownFileType = sourcecode.swift; path = DocumentBrowserViewController.swift; sourceTree = "<group>"; };
		CEC8928B22D91CAB004BA075 /* MungGu iOS.entitlements */ = {isa = PBXFileReference; fileEncoding = 4; lastKnownFileType = text.plist.entitlements; path = "MungGu iOS.entitlements"; sourceTree = "<group>"; };
		CEC8929122D93C27004BA075 /* DocumentDataManager.swift */ = {isa = PBXFileReference; lastKnownFileType = sourcecode.swift; path = DocumentDataManager.swift; sourceTree = "<group>"; };
		CEC8929422D94ABA004BA075 /* AlertShowable.swift */ = {isa = PBXFileReference; lastKnownFileType = sourcecode.swift; path = AlertShowable.swift; sourceTree = "<group>"; };
		CEC8929722D98A7F004BA075 /* Base */ = {isa = PBXFileReference; lastKnownFileType = file.storyboard; name = Base; path = Base.lproj/Main.storyboard; sourceTree = "<group>"; };
		CECA294522EB70C400DF3863 /* FileListView.storyboard */ = {isa = PBXFileReference; lastKnownFileType = file.storyboard; path = FileListView.storyboard; sourceTree = "<group>"; };
		CECA294722EB728C00DF3863 /* ContentView.storyboard */ = {isa = PBXFileReference; lastKnownFileType = file.storyboard; path = ContentView.storyboard; sourceTree = "<group>"; };
		CECA294922EB76FF00DF3863 /* RightSlideView.storyboard */ = {isa = PBXFileReference; lastKnownFileType = file.storyboard; path = RightSlideView.storyboard; sourceTree = "<group>"; };
		CECCE9FD22EB7BB3009A1123 /* CommonNavigationView.xib */ = {isa = PBXFileReference; lastKnownFileType = file.xib; path = CommonNavigationView.xib; sourceTree = "<group>"; };
		CECCE9FF22EB7BCD009A1123 /* CommonNavigationView.swift */ = {isa = PBXFileReference; lastKnownFileType = sourcecode.swift; path = CommonNavigationView.swift; sourceTree = "<group>"; };
		CECDF2282324FA5D00399BAB /* TextFieldAccessoryView.xib */ = {isa = PBXFileReference; lastKnownFileType = file.xib; path = TextFieldAccessoryView.xib; sourceTree = "<group>"; };
		CECDF22A2324FA6B00399BAB /* TextFieldAccessoryView.swift */ = {isa = PBXFileReference; lastKnownFileType = sourcecode.swift; path = TextFieldAccessoryView.swift; sourceTree = "<group>"; };
		D543B48B22EB4CC70047C3D7 /* UITextView+Highlight.swift */ = {isa = PBXFileReference; lastKnownFileType = sourcecode.swift; path = "UITextView+Highlight.swift"; sourceTree = "<group>"; };
		D543B48D22EB535A0047C3D7 /* Highlight+NSRange.swift */ = {isa = PBXFileReference; lastKnownFileType = sourcecode.swift; path = "Highlight+NSRange.swift"; sourceTree = "<group>"; };
		D557614622C7EC6900505CC1 /* Colors.xcassets */ = {isa = PBXFileReference; lastKnownFileType = folder.assetcatalog; path = Colors.xcassets; sourceTree = "<group>"; };
		D557614922C7ECD100505CC1 /* UIColor.swift */ = {isa = PBXFileReference; lastKnownFileType = sourcecode.swift; path = UIColor.swift; sourceTree = "<group>"; };
		D557614C22C8DAAB00505CC1 /* HighlightingTextView.swift */ = {isa = PBXFileReference; lastKnownFileType = sourcecode.swift; path = HighlightingTextView.swift; sourceTree = "<group>"; };
		D56A604022D8DDAA0098EA46 /* FileTableViewCell.swift */ = {isa = PBXFileReference; lastKnownFileType = sourcecode.swift; path = FileTableViewCell.swift; sourceTree = "<group>"; };
		D56A604222D8E7D90098EA46 /* ContentViewController.swift */ = {isa = PBXFileReference; fileEncoding = 4; lastKnownFileType = sourcecode.swift; path = ContentViewController.swift; sourceTree = "<group>"; };
		D56A604522D975110098EA46 /* Alerts.swift */ = {isa = PBXFileReference; lastKnownFileType = sourcecode.swift; path = Alerts.swift; sourceTree = "<group>"; };
		D56A604722D978310098EA46 /* Sample.swift */ = {isa = PBXFileReference; lastKnownFileType = sourcecode.swift; path = Sample.swift; sourceTree = "<group>"; };
		D56A604922D97B700098EA46 /* UIAlertController+.swift */ = {isa = PBXFileReference; lastKnownFileType = sourcecode.swift; path = "UIAlertController+.swift"; sourceTree = "<group>"; };
		D56A604B22D988910098EA46 /* HighlightingTextViewState.swift */ = {isa = PBXFileReference; lastKnownFileType = sourcecode.swift; path = HighlightingTextViewState.swift; sourceTree = "<group>"; };
		D56A604D22D9929E0098EA46 /* HighlightTextViewDelegate.swift */ = {isa = PBXFileReference; lastKnownFileType = sourcecode.swift; path = HighlightTextViewDelegate.swift; sourceTree = "<group>"; };
		D5C7759222C79CD900ADF692 /* PDFContent.swift */ = {isa = PBXFileReference; lastKnownFileType = sourcecode.swift; path = PDFContent.swift; sourceTree = "<group>"; };
		D5C7759422C79E6A00ADF692 /* sample.pdf */ = {isa = PBXFileReference; lastKnownFileType = image.pdf; path = sample.pdf; sourceTree = "<group>"; };
		D5F6AB1222FC6B4D00E3ABDE /* HighlightManager.swift */ = {isa = PBXFileReference; lastKnownFileType = sourcecode.swift; path = HighlightManager.swift; sourceTree = "<group>"; };
		DEF745E2C2E9DFB9D50A106C /* Pods-MungGu iOS.release.xcconfig */ = {isa = PBXFileReference; includeInIndex = 1; lastKnownFileType = text.xcconfig; name = "Pods-MungGu iOS.release.xcconfig"; path = "Target Support Files/Pods-MungGu iOS/Pods-MungGu iOS.release.xcconfig"; sourceTree = "<group>"; };
		F90C49BEE1769958BE583C83 /* Pods-MungGu iOSTests.debug.xcconfig */ = {isa = PBXFileReference; includeInIndex = 1; lastKnownFileType = text.xcconfig; name = "Pods-MungGu iOSTests.debug.xcconfig"; path = "Target Support Files/Pods-MungGu iOSTests/Pods-MungGu iOSTests.debug.xcconfig"; sourceTree = "<group>"; };
/* End PBXFileReference section */

/* Begin PBXFrameworksBuildPhase section */
		CE5C646722C74AE700EC8AF4 /* Frameworks */ = {
			isa = PBXFrameworksBuildPhase;
			buildActionMask = 2147483647;
			files = (
				C29AD8153EE3C43FE16969CB /* Pods_MungGu_iOS.framework in Frameworks */,
			);
			runOnlyForDeploymentPostprocessing = 0;
		};
		CE5C647B22C74AE900EC8AF4 /* Frameworks */ = {
			isa = PBXFrameworksBuildPhase;
			buildActionMask = 2147483647;
			files = (
				2A054C5E60CCE51FE88BD8C8 /* Pods_MungGu_iOSTests.framework in Frameworks */,
			);
			runOnlyForDeploymentPostprocessing = 0;
		};
		CE5C648622C74AE900EC8AF4 /* Frameworks */ = {
			isa = PBXFrameworksBuildPhase;
			buildActionMask = 2147483647;
			files = (
				8303F5518DAF62F7B89732AF /* Pods_MungGu_iOSUITests.framework in Frameworks */,
			);
			runOnlyForDeploymentPostprocessing = 0;
		};
/* End PBXFrameworksBuildPhase section */

/* Begin PBXGroup section */
		353BDE1CED88398BF25670B6 /* Frameworks */ = {
			isa = PBXGroup;
			children = (
				33D6DE06EDA458689A84CA0B /* Pods_MungGu_iOS.framework */,
				7C5E8E093C2C1B3CFE35E8F4 /* Pods_MungGu_iOSTests.framework */,
				4DC3CB4A7CDC0ECD55E5F073 /* Pods_MungGu_iOSUITests.framework */,
			);
			name = Frameworks;
			sourceTree = "<group>";
		};
		7CEBFC48B2075AFD1910BDCE /* Pods */ = {
			isa = PBXGroup;
			children = (
				05554277463FF7E6C19AC99A /* Pods-MungGu iOS.debug.xcconfig */,
				DEF745E2C2E9DFB9D50A106C /* Pods-MungGu iOS.release.xcconfig */,
				F90C49BEE1769958BE583C83 /* Pods-MungGu iOSTests.debug.xcconfig */,
				9167B7F05C96A19F24FA05A5 /* Pods-MungGu iOSTests.release.xcconfig */,
				1246F47A57A43DC699BDA815 /* Pods-MungGu iOSUITests.debug.xcconfig */,
				2D996C9233544F6BB61D4057 /* Pods-MungGu iOSUITests.release.xcconfig */,
				A50E91042CA73DF9B5BB48F4 /* Pods-MungGu iOS.debug.xcconfig */,
				4AA47E521A4DBFC7B9CD4D1B /* Pods-MungGu iOS.release.xcconfig */,
				4E32D495D6AE0CA433259530 /* Pods-MungGu iOSTests.debug.xcconfig */,
				38B5C8FFC8A48F0A79C1CB53 /* Pods-MungGu iOSTests.release.xcconfig */,
				7B8A1D7E33D90AFC249490DE /* Pods-MungGu iOSUITests.debug.xcconfig */,
				ADEEB2C75E757B3C66C59518 /* Pods-MungGu iOSUITests.release.xcconfig */,
			);
			path = Pods;
			sourceTree = "<group>";
		};
		AEBEF66B22D0E9900070FB87 /* FileList */ = {
			isa = PBXGroup;
			children = (
				83FA99CD22C7993F009B1EA6 /* FileListViewController.swift */,
				D56A604022D8DDAA0098EA46 /* FileTableViewCell.swift */,
				CECA294522EB70C400DF3863 /* FileListView.storyboard */,
			);
			path = FileList;
			sourceTree = "<group>";
		};
		AECC600D22C842FC00561DCF /* Model */ = {
			isa = PBXGroup;
			children = (
				83FA99D322C7C2E1009B1EA6 /* FIle.swift */,
			);
			path = Model;
			sourceTree = "<group>";
		};
		AECC601822C855B900561DCF /* RightSlideView */ = {
			isa = PBXGroup;
			children = (
				CE96A11A22EE176F00C91E84 /* View */,
				AECC601122C8477B00561DCF /* ContentContainerViewController.swift */,
				D56A604222D8E7D90098EA46 /* ContentViewController.swift */,
				CECA294722EB728C00DF3863 /* ContentView.storyboard */,
				AECC601322C8478800561DCF /* RightSlideMenuViewController.swift */,
				CECA294922EB76FF00DF3863 /* RightSlideView.storyboard */,
			);
			path = RightSlideView;
			sourceTree = "<group>";
		};
		CE08A9B822D8FF2200281381 /* Network */ = {
			isa = PBXGroup;
			children = (
				CE08A9BB22D8FF2200281381 /* Model */,
				CE08A9BF22D8FF2200281381 /* Provider.swift */,
				CE08A9B922D8FF2200281381 /* Service.swift */,
			);
			path = Network;
			sourceTree = "<group>";
		};
		CE08A9BB22D8FF2200281381 /* Model */ = {
			isa = PBXGroup;
			children = (
				CE08A9BC22D8FF2200281381 /* Model.swift */,
			);
			path = Model;
			sourceTree = "<group>";
		};
		CE08A9BD22D8FF2200281381 /* Manager */ = {
			isa = PBXGroup;
			children = (
				CEC8929122D93C27004BA075 /* DocumentDataManager.swift */,
				CEB8DE7922E8985A00DEB6AA /* DeviceManager.swift */,
				D5F6AB1222FC6B4D00E3ABDE /* HighlightManager.swift */,
			);
			path = Manager;
			sourceTree = "<group>";
		};
		CE5C646122C74AE700EC8AF4 = {
			isa = PBXGroup;
			children = (
				CE5C646C22C74AE700EC8AF4 /* MungGu iOS */,
				CE5C648122C74AE900EC8AF4 /* MungGu iOSTests */,
				CE5C648C22C74AE900EC8AF4 /* MungGu iOSUITests */,
				353BDE1CED88398BF25670B6 /* Frameworks */,
				7CEBFC48B2075AFD1910BDCE /* Pods */,
				CE5C646B22C74AE700EC8AF4 /* Products */,
			);
			sourceTree = "<group>";
		};
		CE5C646B22C74AE700EC8AF4 /* Products */ = {
			isa = PBXGroup;
			children = (
				CE5C646A22C74AE700EC8AF4 /* MungGu iOS.app */,
				CE5C647E22C74AE900EC8AF4 /* MungGu iOSTests.xctest */,
				CE5C648922C74AE900EC8AF4 /* MungGu iOSUITests.xctest */,
			);
			name = Products;
			sourceTree = "<group>";
		};
		CE5C646C22C74AE700EC8AF4 /* MungGu iOS */ = {
			isa = PBXGroup;
			children = (
				CEC8928B22D91CAB004BA075 /* MungGu iOS.entitlements */,
				D5C7759122C79CC500ADF692 /* Resource */,
				CE6FC73C22C74F85006FA209 /* Supports */,
				D56A604422D974EE0098EA46 /* Utils */,
				CECCE9FC22EB7B8C009A1123 /* Common */,
				D557614822C7ECC700505CC1 /* Extension */,
				CE08A9B822D8FF2200281381 /* Network */,
				CE08A9BD22D8FF2200281381 /* Manager */,
				CEC8928522D91CAB004BA075 /* Document */,
				D557614B22C8DA6F00505CC1 /* Highlighting */,
				CE6FC73D22C74FC5006FA209 /* Main */,
				CE87B00E2310254A00BE8026 /* Test */,
				AEBEF66B22D0E9900070FB87 /* FileList */,
				AECC601822C855B900561DCF /* RightSlideView */,
				CE5C646D22C74AE700EC8AF4 /* AppDelegate.swift */,
			);
			path = "MungGu iOS";
			sourceTree = "<group>";
		};
		CE5C648122C74AE900EC8AF4 /* MungGu iOSTests */ = {
			isa = PBXGroup;
			children = (
				CE5C648222C74AE900EC8AF4 /* MungGu_iOSTests.swift */,
				CE5C648422C74AE900EC8AF4 /* Info.plist */,
			);
			path = "MungGu iOSTests";
			sourceTree = "<group>";
		};
		CE5C648C22C74AE900EC8AF4 /* MungGu iOSUITests */ = {
			isa = PBXGroup;
			children = (
				CE5C648D22C74AE900EC8AF4 /* MungGu_iOSUITests.swift */,
				CE5C648F22C74AE900EC8AF4 /* Info.plist */,
			);
			path = "MungGu iOSUITests";
			sourceTree = "<group>";
		};
		CE6FC73C22C74F85006FA209 /* Supports */ = {
			isa = PBXGroup;
			children = (
				CE5C647922C74AE900EC8AF4 /* Info.plist */,
				CE5C647622C74AE900EC8AF4 /* LaunchScreen.storyboard */,
				CE5C647422C74AE900EC8AF4 /* Assets.xcassets */,
				D557614622C7EC6900505CC1 /* Colors.xcassets */,
			);
			path = Supports;
			sourceTree = "<group>";
		};
		CE6FC73D22C74FC5006FA209 /* Main */ = {
			isa = PBXGroup;
			children = (
				AECC600D22C842FC00561DCF /* Model */,
				83FA99D122C79C56009B1EA6 /* MySplitViewController.swift */,
				CEC8929622D98A7F004BA075 /* Main.storyboard */,
			);
			path = Main;
			sourceTree = "<group>";
		};
		CE87B00E2310254A00BE8026 /* Test */ = {
			isa = PBXGroup;
			children = (
				CECDF2272324FA2200399BAB /* View */,
				CE87B0112310270300BE8026 /* TestViewController.swift */,
				CE87B00F2310256600BE8026 /* TestView.storyboard */,
			);
			path = Test;
			sourceTree = "<group>";
		};
		CE96A11A22EE176F00C91E84 /* View */ = {
			isa = PBXGroup;
			children = (
				AECC600F22C8432C00561DCF /* RightSlideMenuMainViewCell.swift */,
				CE86B01D22FE67F40040714F /* RightSlideMenuTestViewCell.swift */,
			);
			path = View;
			sourceTree = "<group>";
		};
		CEC8928522D91CAB004BA075 /* Document */ = {
			isa = PBXGroup;
			children = (
				CEC8928722D91CAB004BA075 /* Document.swift */,
				CEC8928A22D91CAB004BA075 /* DocumentBrowserViewController.swift */,
				CEC8928822D91CAB004BA075 /* Document.storyboard */,
			);
			path = Document;
			sourceTree = "<group>";
		};
		CECCE9FC22EB7B8C009A1123 /* Common */ = {
			isa = PBXGroup;
			children = (
				CECCE9FD22EB7BB3009A1123 /* CommonNavigationView.xib */,
				CECCE9FF22EB7BCD009A1123 /* CommonNavigationView.swift */,
			);
			path = Common;
			sourceTree = "<group>";
		};
		CECDF2272324FA2200399BAB /* View */ = {
			isa = PBXGroup;
			children = (
				CE86B01F22FE68020040714F /* TestViewCell.swift */,
				CECDF2282324FA5D00399BAB /* TextFieldAccessoryView.xib */,
				CECDF22A2324FA6B00399BAB /* TextFieldAccessoryView.swift */,
			);
			path = View;
			sourceTree = "<group>";
		};
		D557614822C7ECC700505CC1 /* Extension */ = {
			isa = PBXGroup;
			children = (
				D557614922C7ECD100505CC1 /* UIColor.swift */,
				D56A604922D97B700098EA46 /* UIAlertController+.swift */,
				D543B48B22EB4CC70047C3D7 /* UITextView+Highlight.swift */,
				D543B48D22EB535A0047C3D7 /* Highlight+NSRange.swift */,
			);
			path = Extension;
			sourceTree = "<group>";
		};
		D557614B22C8DA6F00505CC1 /* Highlighting */ = {
			isa = PBXGroup;
			children = (
				D557614C22C8DAAB00505CC1 /* HighlightingTextView.swift */,
				D56A604B22D988910098EA46 /* HighlightingTextViewState.swift */,
				D56A604D22D9929E0098EA46 /* HighlightTextViewDelegate.swift */,
			);
			path = Highlighting;
			sourceTree = "<group>";
		};
		D56A604422D974EE0098EA46 /* Utils */ = {
			isa = PBXGroup;
			children = (
				CEC8929422D94ABA004BA075 /* AlertShowable.swift */,
				D5C7759422C79E6A00ADF692 /* sample.pdf */,
				D56A604522D975110098EA46 /* Alerts.swift */,
			);
			path = Utils;
			sourceTree = "<group>";
		};
		D5C7759122C79CC500ADF692 /* Resource */ = {
			isa = PBXGroup;
			children = (
				D5C7759222C79CD900ADF692 /* PDFContent.swift */,
				D56A604722D978310098EA46 /* Sample.swift */,
			);
			path = Resource;
			sourceTree = "<group>";
		};
/* End PBXGroup section */

/* Begin PBXNativeTarget section */
		CE5C646922C74AE700EC8AF4 /* MungGu iOS */ = {
			isa = PBXNativeTarget;
			buildConfigurationList = CE5C649222C74AE900EC8AF4 /* Build configuration list for PBXNativeTarget "MungGu iOS" */;
			buildPhases = (
				BA94B456A42934EBA474CB60 /* [CP] Check Pods Manifest.lock */,
				CE6FC73A22C74E32006FA209 /* Swift Lint Autocorrect */,
				CE6FC73B22C74E34006FA209 /* Swift Lint */,
				CE5C646622C74AE700EC8AF4 /* Sources */,
				CE5C646722C74AE700EC8AF4 /* Frameworks */,
				CE5C646822C74AE700EC8AF4 /* Resources */,
				9022E3747C6EBD44DD7CCB54 /* [CP] Embed Pods Frameworks */,
			);
			buildRules = (
			);
			dependencies = (
			);
			name = "MungGu iOS";
			productName = "MungGu iOS";
			productReference = CE5C646A22C74AE700EC8AF4 /* MungGu iOS.app */;
			productType = "com.apple.product-type.application";
		};
		CE5C647D22C74AE900EC8AF4 /* MungGu iOSTests */ = {
			isa = PBXNativeTarget;
			buildConfigurationList = CE5C649522C74AE900EC8AF4 /* Build configuration list for PBXNativeTarget "MungGu iOSTests" */;
			buildPhases = (
				55E01E161C01A3D333085AF1 /* [CP] Check Pods Manifest.lock */,
				CE5C647A22C74AE900EC8AF4 /* Sources */,
				CE5C647B22C74AE900EC8AF4 /* Frameworks */,
				CE5C647C22C74AE900EC8AF4 /* Resources */,
			);
			buildRules = (
			);
			dependencies = (
				CE5C648022C74AE900EC8AF4 /* PBXTargetDependency */,
			);
			name = "MungGu iOSTests";
			productName = "MungGu iOSTests";
			productReference = CE5C647E22C74AE900EC8AF4 /* MungGu iOSTests.xctest */;
			productType = "com.apple.product-type.bundle.unit-test";
		};
		CE5C648822C74AE900EC8AF4 /* MungGu iOSUITests */ = {
			isa = PBXNativeTarget;
			buildConfigurationList = CE5C649822C74AE900EC8AF4 /* Build configuration list for PBXNativeTarget "MungGu iOSUITests" */;
			buildPhases = (
				D37ECCEE8984C792F53E5651 /* [CP] Check Pods Manifest.lock */,
				CE5C648522C74AE900EC8AF4 /* Sources */,
				CE5C648622C74AE900EC8AF4 /* Frameworks */,
				CE5C648722C74AE900EC8AF4 /* Resources */,
			);
			buildRules = (
			);
			dependencies = (
				CE5C648B22C74AE900EC8AF4 /* PBXTargetDependency */,
			);
			name = "MungGu iOSUITests";
			productName = "MungGu iOSUITests";
			productReference = CE5C648922C74AE900EC8AF4 /* MungGu iOSUITests.xctest */;
			productType = "com.apple.product-type.bundle.ui-testing";
		};
/* End PBXNativeTarget section */

/* Begin PBXProject section */
		CE5C646222C74AE700EC8AF4 /* Project object */ = {
			isa = PBXProject;
			attributes = {
				LastSwiftUpdateCheck = 1020;
				LastUpgradeCheck = 1020;
				ORGANIZATIONNAME = "Daeyun Ethan";
				TargetAttributes = {
					CE5C646922C74AE700EC8AF4 = {
						CreatedOnToolsVersion = 10.2.1;
					};
					CE5C647D22C74AE900EC8AF4 = {
						CreatedOnToolsVersion = 10.2.1;
						TestTargetID = CE5C646922C74AE700EC8AF4;
					};
					CE5C648822C74AE900EC8AF4 = {
						CreatedOnToolsVersion = 10.2.1;
						TestTargetID = CE5C646922C74AE700EC8AF4;
					};
				};
			};
			buildConfigurationList = CE5C646522C74AE700EC8AF4 /* Build configuration list for PBXProject "MungGu iOS" */;
			compatibilityVersion = "Xcode 9.3";
			developmentRegion = en;
			hasScannedForEncodings = 0;
			knownRegions = (
				en,
				Base,
			);
			mainGroup = CE5C646122C74AE700EC8AF4;
			productRefGroup = CE5C646B22C74AE700EC8AF4 /* Products */;
			projectDirPath = "";
			projectRoot = "";
			targets = (
				CE5C646922C74AE700EC8AF4 /* MungGu iOS */,
				CE5C647D22C74AE900EC8AF4 /* MungGu iOSTests */,
				CE5C648822C74AE900EC8AF4 /* MungGu iOSUITests */,
			);
		};
/* End PBXProject section */

/* Begin PBXResourcesBuildPhase section */
		CE5C646822C74AE700EC8AF4 /* Resources */ = {
			isa = PBXResourcesBuildPhase;
			buildActionMask = 2147483647;
			files = (
				CECA294A22EB76FF00DF3863 /* RightSlideView.storyboard in Resources */,
				CECA294622EB70C400DF3863 /* FileListView.storyboard in Resources */,
				D557614722C7EC6900505CC1 /* Colors.xcassets in Resources */,
				CECCE9FE22EB7BB3009A1123 /* CommonNavigationView.xib in Resources */,
				D5C7759522C79E6B00ADF692 /* sample.pdf in Resources */,
				CECA294822EB728C00DF3863 /* ContentView.storyboard in Resources */,
				CE5C647822C74AE900EC8AF4 /* LaunchScreen.storyboard in Resources */,
				CEC8929822D98A7F004BA075 /* Main.storyboard in Resources */,
				CEC8928E22D91CAB004BA075 /* Document.storyboard in Resources */,
				CE87B0102310256600BE8026 /* TestView.storyboard in Resources */,
				CE5C647522C74AE900EC8AF4 /* Assets.xcassets in Resources */,
				CECDF2292324FA5D00399BAB /* TextFieldAccessoryView.xib in Resources */,
			);
			runOnlyForDeploymentPostprocessing = 0;
		};
		CE5C647C22C74AE900EC8AF4 /* Resources */ = {
			isa = PBXResourcesBuildPhase;
			buildActionMask = 2147483647;
			files = (
			);
			runOnlyForDeploymentPostprocessing = 0;
		};
		CE5C648722C74AE900EC8AF4 /* Resources */ = {
			isa = PBXResourcesBuildPhase;
			buildActionMask = 2147483647;
			files = (
			);
			runOnlyForDeploymentPostprocessing = 0;
		};
/* End PBXResourcesBuildPhase section */

/* Begin PBXShellScriptBuildPhase section */
		55E01E161C01A3D333085AF1 /* [CP] Check Pods Manifest.lock */ = {
			isa = PBXShellScriptBuildPhase;
			buildActionMask = 2147483647;
			files = (
			);
			inputFileListPaths = (
			);
			inputPaths = (
				"${PODS_PODFILE_DIR_PATH}/Podfile.lock",
				"${PODS_ROOT}/Manifest.lock",
			);
			name = "[CP] Check Pods Manifest.lock";
			outputFileListPaths = (
			);
			outputPaths = (
				"$(DERIVED_FILE_DIR)/Pods-MungGu iOSTests-checkManifestLockResult.txt",
			);
			runOnlyForDeploymentPostprocessing = 0;
			shellPath = /bin/sh;
			shellScript = "diff \"${PODS_PODFILE_DIR_PATH}/Podfile.lock\" \"${PODS_ROOT}/Manifest.lock\" > /dev/null\nif [ $? != 0 ] ; then\n    # print error to STDERR\n    echo \"error: The sandbox is not in sync with the Podfile.lock. Run 'pod install' or update your CocoaPods installation.\" >&2\n    exit 1\nfi\n# This output is used by Xcode 'outputs' to avoid re-running this script phase.\necho \"SUCCESS\" > \"${SCRIPT_OUTPUT_FILE_0}\"\n";
			showEnvVarsInLog = 0;
		};
		9022E3747C6EBD44DD7CCB54 /* [CP] Embed Pods Frameworks */ = {
			isa = PBXShellScriptBuildPhase;
			buildActionMask = 2147483647;
			files = (
			);
			inputFileListPaths = (
				"${PODS_ROOT}/Target Support Files/Pods-MungGu iOS/Pods-MungGu iOS-frameworks-${CONFIGURATION}-input-files.xcfilelist",
			);
			name = "[CP] Embed Pods Frameworks";
			outputFileListPaths = (
				"${PODS_ROOT}/Target Support Files/Pods-MungGu iOS/Pods-MungGu iOS-frameworks-${CONFIGURATION}-output-files.xcfilelist",
			);
			runOnlyForDeploymentPostprocessing = 0;
			shellPath = /bin/sh;
			shellScript = "\"${PODS_ROOT}/Target Support Files/Pods-MungGu iOS/Pods-MungGu iOS-frameworks.sh\"\n";
			showEnvVarsInLog = 0;
		};
		BA94B456A42934EBA474CB60 /* [CP] Check Pods Manifest.lock */ = {
			isa = PBXShellScriptBuildPhase;
			buildActionMask = 2147483647;
			files = (
			);
			inputFileListPaths = (
			);
			inputPaths = (
				"${PODS_PODFILE_DIR_PATH}/Podfile.lock",
				"${PODS_ROOT}/Manifest.lock",
			);
			name = "[CP] Check Pods Manifest.lock";
			outputFileListPaths = (
			);
			outputPaths = (
				"$(DERIVED_FILE_DIR)/Pods-MungGu iOS-checkManifestLockResult.txt",
			);
			runOnlyForDeploymentPostprocessing = 0;
			shellPath = /bin/sh;
			shellScript = "diff \"${PODS_PODFILE_DIR_PATH}/Podfile.lock\" \"${PODS_ROOT}/Manifest.lock\" > /dev/null\nif [ $? != 0 ] ; then\n    # print error to STDERR\n    echo \"error: The sandbox is not in sync with the Podfile.lock. Run 'pod install' or update your CocoaPods installation.\" >&2\n    exit 1\nfi\n# This output is used by Xcode 'outputs' to avoid re-running this script phase.\necho \"SUCCESS\" > \"${SCRIPT_OUTPUT_FILE_0}\"\n";
			showEnvVarsInLog = 0;
		};
		CE6FC73A22C74E32006FA209 /* Swift Lint Autocorrect */ = {
			isa = PBXShellScriptBuildPhase;
			buildActionMask = 2147483647;
			files = (
			);
			inputFileListPaths = (
			);
			inputPaths = (
			);
			name = "Swift Lint Autocorrect";
			outputFileListPaths = (
			);
			outputPaths = (
			);
			runOnlyForDeploymentPostprocessing = 0;
			shellPath = /bin/sh;
			shellScript = "if which swiftlint >/dev/null; then\nswiftlint autocorrect\nelse\necho \"warning: SwiftLint not installed, download from https://github.com/realm/SwiftLint\"\nfi\n";
		};
		CE6FC73B22C74E34006FA209 /* Swift Lint */ = {
			isa = PBXShellScriptBuildPhase;
			buildActionMask = 2147483647;
			files = (
			);
			inputFileListPaths = (
			);
			inputPaths = (
			);
			name = "Swift Lint";
			outputFileListPaths = (
			);
			outputPaths = (
			);
			runOnlyForDeploymentPostprocessing = 0;
			shellPath = /bin/sh;
			shellScript = "if which swiftlint >/dev/null; then\nswiftlint\nelse\necho \"warning: SwiftLint not installed, download from https://github.com/realm/SwiftLint\"\nfi\n";
		};
		D37ECCEE8984C792F53E5651 /* [CP] Check Pods Manifest.lock */ = {
			isa = PBXShellScriptBuildPhase;
			buildActionMask = 2147483647;
			files = (
			);
			inputFileListPaths = (
			);
			inputPaths = (
				"${PODS_PODFILE_DIR_PATH}/Podfile.lock",
				"${PODS_ROOT}/Manifest.lock",
			);
			name = "[CP] Check Pods Manifest.lock";
			outputFileListPaths = (
			);
			outputPaths = (
				"$(DERIVED_FILE_DIR)/Pods-MungGu iOSUITests-checkManifestLockResult.txt",
			);
			runOnlyForDeploymentPostprocessing = 0;
			shellPath = /bin/sh;
			shellScript = "diff \"${PODS_PODFILE_DIR_PATH}/Podfile.lock\" \"${PODS_ROOT}/Manifest.lock\" > /dev/null\nif [ $? != 0 ] ; then\n    # print error to STDERR\n    echo \"error: The sandbox is not in sync with the Podfile.lock. Run 'pod install' or update your CocoaPods installation.\" >&2\n    exit 1\nfi\n# This output is used by Xcode 'outputs' to avoid re-running this script phase.\necho \"SUCCESS\" > \"${SCRIPT_OUTPUT_FILE_0}\"\n";
			showEnvVarsInLog = 0;
		};
/* End PBXShellScriptBuildPhase section */

/* Begin PBXSourcesBuildPhase section */
		CE5C646622C74AE700EC8AF4 /* Sources */ = {
			isa = PBXSourcesBuildPhase;
			buildActionMask = 2147483647;
			files = (
				CE87B0122310270300BE8026 /* TestViewController.swift in Sources */,
				CEB8DE7A22E8985A00DEB6AA /* DeviceManager.swift in Sources */,
				D543B48C22EB4CC70047C3D7 /* UITextView+Highlight.swift in Sources */,
				D56A604122D8DDAA0098EA46 /* FileTableViewCell.swift in Sources */,
				D56A604A22D97B700098EA46 /* UIAlertController+.swift in Sources */,
				D557614D22C8DAAB00505CC1 /* HighlightingTextView.swift in Sources */,
				D5C7759322C79CD900ADF692 /* PDFContent.swift in Sources */,
				CE86B02022FE68020040714F /* TestViewCell.swift in Sources */,
				D557614A22C7ECD100505CC1 /* UIColor.swift in Sources */,
				CE5C646E22C74AE700EC8AF4 /* AppDelegate.swift in Sources */,
				D56A604C22D988910098EA46 /* HighlightingTextViewState.swift in Sources */,
				CE08A9C422D8FF2200281381 /* Provider.swift in Sources */,
				CE08A9C022D8FF2200281381 /* Service.swift in Sources */,
				CE86B01E22FE67F40040714F /* RightSlideMenuTestViewCell.swift in Sources */,
				D56A604622D975110098EA46 /* Alerts.swift in Sources */,
				D56A604E22D9929E0098EA46 /* HighlightTextViewDelegate.swift in Sources */,
				AECC601022C8432C00561DCF /* RightSlideMenuMainViewCell.swift in Sources */,
				D543B48E22EB535A0047C3D7 /* Highlight+NSRange.swift in Sources */,
				D56A604322D8E7D90098EA46 /* ContentViewController.swift in Sources */,
				AECC601222C8477B00561DCF /* ContentContainerViewController.swift in Sources */,
				D5F6AB1322FC6B4D00E3ABDE /* HighlightManager.swift in Sources */,
				CEC8929222D93C27004BA075 /* DocumentDataManager.swift in Sources */,
				83FA99D222C79C56009B1EA6 /* MySplitViewController.swift in Sources */,
				CEC8929522D94ABA004BA075 /* AlertShowable.swift in Sources */,
				CEC8929022D91CAB004BA075 /* DocumentBrowserViewController.swift in Sources */,
				CECCEA0022EB7BCD009A1123 /* CommonNavigationView.swift in Sources */,
				CE08A9C222D8FF2200281381 /* Model.swift in Sources */,
				CECDF22B2324FA6B00399BAB /* TextFieldAccessoryView.swift in Sources */,
				CE5C646E22C74AE700EC8AF4 /* AppDelegate.swift in Sources */,
				D56A604822D978310098EA46 /* Sample.swift in Sources */,
				CEC8928D22D91CAB004BA075 /* Document.swift in Sources */,
				83FA99CE22C7993F009B1EA6 /* FileListViewController.swift in Sources */,
				AECC601422C8478800561DCF /* RightSlideMenuViewController.swift in Sources */,
				83FA99D422C7C2E1009B1EA6 /* FIle.swift in Sources */,
			);
			runOnlyForDeploymentPostprocessing = 0;
		};
		CE5C647A22C74AE900EC8AF4 /* Sources */ = {
			isa = PBXSourcesBuildPhase;
			buildActionMask = 2147483647;
			files = (
				CE5C648322C74AE900EC8AF4 /* MungGu_iOSTests.swift in Sources */,
			);
			runOnlyForDeploymentPostprocessing = 0;
		};
		CE5C648522C74AE900EC8AF4 /* Sources */ = {
			isa = PBXSourcesBuildPhase;
			buildActionMask = 2147483647;
			files = (
				CE5C648E22C74AE900EC8AF4 /* MungGu_iOSUITests.swift in Sources */,
			);
			runOnlyForDeploymentPostprocessing = 0;
		};
/* End PBXSourcesBuildPhase section */

/* Begin PBXTargetDependency section */
		CE5C648022C74AE900EC8AF4 /* PBXTargetDependency */ = {
			isa = PBXTargetDependency;
			target = CE5C646922C74AE700EC8AF4 /* MungGu iOS */;
			targetProxy = CE5C647F22C74AE900EC8AF4 /* PBXContainerItemProxy */;
		};
		CE5C648B22C74AE900EC8AF4 /* PBXTargetDependency */ = {
			isa = PBXTargetDependency;
			target = CE5C646922C74AE700EC8AF4 /* MungGu iOS */;
			targetProxy = CE5C648A22C74AE900EC8AF4 /* PBXContainerItemProxy */;
		};
/* End PBXTargetDependency section */

/* Begin PBXVariantGroup section */
		CE5C647622C74AE900EC8AF4 /* LaunchScreen.storyboard */ = {
			isa = PBXVariantGroup;
			children = (
				CE5C647722C74AE900EC8AF4 /* Base */,
			);
			name = LaunchScreen.storyboard;
			sourceTree = "<group>";
		};
		CEC8929622D98A7F004BA075 /* Main.storyboard */ = {
			isa = PBXVariantGroup;
			children = (
				CEC8929722D98A7F004BA075 /* Base */,
			);
			name = Main.storyboard;
			sourceTree = "<group>";
		};
/* End PBXVariantGroup section */

/* Begin XCBuildConfiguration section */
		CE5C649022C74AE900EC8AF4 /* Debug */ = {
			isa = XCBuildConfiguration;
			buildSettings = {
				ALWAYS_SEARCH_USER_PATHS = NO;
				CLANG_ANALYZER_NONNULL = YES;
				CLANG_ANALYZER_NUMBER_OBJECT_CONVERSION = YES_AGGRESSIVE;
				CLANG_CXX_LANGUAGE_STANDARD = "gnu++14";
				CLANG_CXX_LIBRARY = "libc++";
				CLANG_ENABLE_MODULES = YES;
				CLANG_ENABLE_OBJC_ARC = YES;
				CLANG_ENABLE_OBJC_WEAK = YES;
				CLANG_WARN_BLOCK_CAPTURE_AUTORELEASING = YES;
				CLANG_WARN_BOOL_CONVERSION = YES;
				CLANG_WARN_COMMA = YES;
				CLANG_WARN_CONSTANT_CONVERSION = YES;
				CLANG_WARN_DEPRECATED_OBJC_IMPLEMENTATIONS = YES;
				CLANG_WARN_DIRECT_OBJC_ISA_USAGE = YES_ERROR;
				CLANG_WARN_DOCUMENTATION_COMMENTS = YES;
				CLANG_WARN_EMPTY_BODY = YES;
				CLANG_WARN_ENUM_CONVERSION = YES;
				CLANG_WARN_INFINITE_RECURSION = YES;
				CLANG_WARN_INT_CONVERSION = YES;
				CLANG_WARN_NON_LITERAL_NULL_CONVERSION = YES;
				CLANG_WARN_OBJC_IMPLICIT_RETAIN_SELF = YES;
				CLANG_WARN_OBJC_LITERAL_CONVERSION = YES;
				CLANG_WARN_OBJC_ROOT_CLASS = YES_ERROR;
				CLANG_WARN_RANGE_LOOP_ANALYSIS = YES;
				CLANG_WARN_STRICT_PROTOTYPES = YES;
				CLANG_WARN_SUSPICIOUS_MOVE = YES;
				CLANG_WARN_UNGUARDED_AVAILABILITY = YES_AGGRESSIVE;
				CLANG_WARN_UNREACHABLE_CODE = YES;
				CLANG_WARN__DUPLICATE_METHOD_MATCH = YES;
				CODE_SIGN_IDENTITY = "iPhone Developer";
				COPY_PHASE_STRIP = NO;
				DEBUG_INFORMATION_FORMAT = dwarf;
				ENABLE_STRICT_OBJC_MSGSEND = YES;
				ENABLE_TESTABILITY = YES;
				GCC_C_LANGUAGE_STANDARD = gnu11;
				GCC_DYNAMIC_NO_PIC = NO;
				GCC_NO_COMMON_BLOCKS = YES;
				GCC_OPTIMIZATION_LEVEL = 0;
				GCC_PREPROCESSOR_DEFINITIONS = (
					"DEBUG=1",
					"$(inherited)",
				);
				GCC_WARN_64_TO_32_BIT_CONVERSION = YES;
				GCC_WARN_ABOUT_RETURN_TYPE = YES_ERROR;
				GCC_WARN_UNDECLARED_SELECTOR = YES;
				GCC_WARN_UNINITIALIZED_AUTOS = YES_AGGRESSIVE;
				GCC_WARN_UNUSED_FUNCTION = YES;
				GCC_WARN_UNUSED_VARIABLE = YES;
				IPHONEOS_DEPLOYMENT_TARGET = 12.2;
				MTL_ENABLE_DEBUG_INFO = INCLUDE_SOURCE;
				MTL_FAST_MATH = YES;
				ONLY_ACTIVE_ARCH = YES;
				SDKROOT = iphoneos;
				SWIFT_ACTIVE_COMPILATION_CONDITIONS = DEBUG;
				SWIFT_OPTIMIZATION_LEVEL = "-Onone";
			};
			name = Debug;
		};
		CE5C649122C74AE900EC8AF4 /* Release */ = {
			isa = XCBuildConfiguration;
			buildSettings = {
				ALWAYS_SEARCH_USER_PATHS = NO;
				CLANG_ANALYZER_NONNULL = YES;
				CLANG_ANALYZER_NUMBER_OBJECT_CONVERSION = YES_AGGRESSIVE;
				CLANG_CXX_LANGUAGE_STANDARD = "gnu++14";
				CLANG_CXX_LIBRARY = "libc++";
				CLANG_ENABLE_MODULES = YES;
				CLANG_ENABLE_OBJC_ARC = YES;
				CLANG_ENABLE_OBJC_WEAK = YES;
				CLANG_WARN_BLOCK_CAPTURE_AUTORELEASING = YES;
				CLANG_WARN_BOOL_CONVERSION = YES;
				CLANG_WARN_COMMA = YES;
				CLANG_WARN_CONSTANT_CONVERSION = YES;
				CLANG_WARN_DEPRECATED_OBJC_IMPLEMENTATIONS = YES;
				CLANG_WARN_DIRECT_OBJC_ISA_USAGE = YES_ERROR;
				CLANG_WARN_DOCUMENTATION_COMMENTS = YES;
				CLANG_WARN_EMPTY_BODY = YES;
				CLANG_WARN_ENUM_CONVERSION = YES;
				CLANG_WARN_INFINITE_RECURSION = YES;
				CLANG_WARN_INT_CONVERSION = YES;
				CLANG_WARN_NON_LITERAL_NULL_CONVERSION = YES;
				CLANG_WARN_OBJC_IMPLICIT_RETAIN_SELF = YES;
				CLANG_WARN_OBJC_LITERAL_CONVERSION = YES;
				CLANG_WARN_OBJC_ROOT_CLASS = YES_ERROR;
				CLANG_WARN_RANGE_LOOP_ANALYSIS = YES;
				CLANG_WARN_STRICT_PROTOTYPES = YES;
				CLANG_WARN_SUSPICIOUS_MOVE = YES;
				CLANG_WARN_UNGUARDED_AVAILABILITY = YES_AGGRESSIVE;
				CLANG_WARN_UNREACHABLE_CODE = YES;
				CLANG_WARN__DUPLICATE_METHOD_MATCH = YES;
				CODE_SIGN_IDENTITY = "iPhone Developer";
				COPY_PHASE_STRIP = NO;
				DEBUG_INFORMATION_FORMAT = "dwarf-with-dsym";
				ENABLE_NS_ASSERTIONS = NO;
				ENABLE_STRICT_OBJC_MSGSEND = YES;
				GCC_C_LANGUAGE_STANDARD = gnu11;
				GCC_NO_COMMON_BLOCKS = YES;
				GCC_WARN_64_TO_32_BIT_CONVERSION = YES;
				GCC_WARN_ABOUT_RETURN_TYPE = YES_ERROR;
				GCC_WARN_UNDECLARED_SELECTOR = YES;
				GCC_WARN_UNINITIALIZED_AUTOS = YES_AGGRESSIVE;
				GCC_WARN_UNUSED_FUNCTION = YES;
				GCC_WARN_UNUSED_VARIABLE = YES;
				IPHONEOS_DEPLOYMENT_TARGET = 12.2;
				MTL_ENABLE_DEBUG_INFO = NO;
				MTL_FAST_MATH = YES;
				SDKROOT = iphoneos;
				SWIFT_COMPILATION_MODE = wholemodule;
				SWIFT_OPTIMIZATION_LEVEL = "-O";
				VALIDATE_PRODUCT = YES;
			};
			name = Release;
		};
		CE5C649322C74AE900EC8AF4 /* Debug */ = {
			isa = XCBuildConfiguration;
			baseConfigurationReference = 05554277463FF7E6C19AC99A /* Pods-MungGu iOS.debug.xcconfig */;
			buildSettings = {
				ASSETCATALOG_COMPILER_APPICON_NAME = AppIcon;
				CODE_SIGN_IDENTITY = "iPhone Developer";
				CODE_SIGN_STYLE = Automatic;
				DEVELOPMENT_TEAM = 74Z28YUL8J;
				INFOPLIST_FILE = "$(SRCROOT)/MungGu iOS/Supports/Info.plist";
				IPHONEOS_DEPLOYMENT_TARGET = 11.0;
				LD_RUNPATH_SEARCH_PATHS = (
					"$(inherited)",
					"@executable_path/Frameworks",
				);
				PRODUCT_BUNDLE_IDENTIFIER = com.K.D.Bean;
				PRODUCT_NAME = "$(TARGET_NAME)";
				PROVISIONING_PROFILE_SPECIFIER = "";
				SWIFT_VERSION = 5.0;
				TARGETED_DEVICE_FAMILY = 2;
			};
			name = Debug;
		};
		CE5C649422C74AE900EC8AF4 /* Release */ = {
			isa = XCBuildConfiguration;
			baseConfigurationReference = DEF745E2C2E9DFB9D50A106C /* Pods-MungGu iOS.release.xcconfig */;
			buildSettings = {
				ASSETCATALOG_COMPILER_APPICON_NAME = AppIcon;
				CODE_SIGN_IDENTITY = "iPhone Developer";
				CODE_SIGN_STYLE = Automatic;
				DEVELOPMENT_TEAM = 74Z28YUL8J;
				INFOPLIST_FILE = "$(SRCROOT)/MungGu iOS/Supports/Info.plist";
				IPHONEOS_DEPLOYMENT_TARGET = 11.0;
				LD_RUNPATH_SEARCH_PATHS = (
					"$(inherited)",
					"@executable_path/Frameworks",
				);
				PRODUCT_BUNDLE_IDENTIFIER = com.K.D.Bean;
				PRODUCT_NAME = "$(TARGET_NAME)";
				PROVISIONING_PROFILE_SPECIFIER = "";
				SWIFT_VERSION = 5.0;
				TARGETED_DEVICE_FAMILY = 2;
			};
			name = Release;
		};
		CE5C649622C74AE900EC8AF4 /* Debug */ = {
			isa = XCBuildConfiguration;
			baseConfigurationReference = F90C49BEE1769958BE583C83 /* Pods-MungGu iOSTests.debug.xcconfig */;
			buildSettings = {
				ALWAYS_EMBED_SWIFT_STANDARD_LIBRARIES = YES;
				BUNDLE_LOADER = "$(TEST_HOST)";
				CODE_SIGN_STYLE = Automatic;
				INFOPLIST_FILE = "MungGu iOSTests/Info.plist";
				LD_RUNPATH_SEARCH_PATHS = (
					"$(inherited)",
					"@executable_path/Frameworks",
					"@loader_path/Frameworks",
				);
				PRODUCT_BUNDLE_IDENTIFIER = "com.K.D.MungGu-iOSTests";
				PRODUCT_NAME = "$(TARGET_NAME)";
				SWIFT_VERSION = 5.0;
				TARGETED_DEVICE_FAMILY = "1,2";
				TEST_HOST = "$(BUILT_PRODUCTS_DIR)/MungGu iOS.app/MungGu iOS";
			};
			name = Debug;
		};
		CE5C649722C74AE900EC8AF4 /* Release */ = {
			isa = XCBuildConfiguration;
			baseConfigurationReference = 9167B7F05C96A19F24FA05A5 /* Pods-MungGu iOSTests.release.xcconfig */;
			buildSettings = {
				ALWAYS_EMBED_SWIFT_STANDARD_LIBRARIES = YES;
				BUNDLE_LOADER = "$(TEST_HOST)";
				CODE_SIGN_STYLE = Automatic;
				INFOPLIST_FILE = "MungGu iOSTests/Info.plist";
				LD_RUNPATH_SEARCH_PATHS = (
					"$(inherited)",
					"@executable_path/Frameworks",
					"@loader_path/Frameworks",
				);
				PRODUCT_BUNDLE_IDENTIFIER = "com.K.D.MungGu-iOSTests";
				PRODUCT_NAME = "$(TARGET_NAME)";
				SWIFT_VERSION = 5.0;
				TARGETED_DEVICE_FAMILY = "1,2";
				TEST_HOST = "$(BUILT_PRODUCTS_DIR)/MungGu iOS.app/MungGu iOS";
			};
			name = Release;
		};
		CE5C649922C74AE900EC8AF4 /* Debug */ = {
			isa = XCBuildConfiguration;
			baseConfigurationReference = 1246F47A57A43DC699BDA815 /* Pods-MungGu iOSUITests.debug.xcconfig */;
			buildSettings = {
				ALWAYS_EMBED_SWIFT_STANDARD_LIBRARIES = YES;
				CODE_SIGN_STYLE = Automatic;
				INFOPLIST_FILE = "MungGu iOSUITests/Info.plist";
				LD_RUNPATH_SEARCH_PATHS = (
					"$(inherited)",
					"@executable_path/Frameworks",
					"@loader_path/Frameworks",
				);
				PRODUCT_BUNDLE_IDENTIFIER = "com.K.D.MungGu-iOSUITests";
				PRODUCT_NAME = "$(TARGET_NAME)";
				SWIFT_VERSION = 5.0;
				TARGETED_DEVICE_FAMILY = "1,2";
				TEST_TARGET_NAME = "MungGu iOS";
			};
			name = Debug;
		};
		CE5C649A22C74AE900EC8AF4 /* Release */ = {
			isa = XCBuildConfiguration;
			baseConfigurationReference = 2D996C9233544F6BB61D4057 /* Pods-MungGu iOSUITests.release.xcconfig */;
			buildSettings = {
				ALWAYS_EMBED_SWIFT_STANDARD_LIBRARIES = YES;
				CODE_SIGN_STYLE = Automatic;
				INFOPLIST_FILE = "MungGu iOSUITests/Info.plist";
				LD_RUNPATH_SEARCH_PATHS = (
					"$(inherited)",
					"@executable_path/Frameworks",
					"@loader_path/Frameworks",
				);
				PRODUCT_BUNDLE_IDENTIFIER = "com.K.D.MungGu-iOSUITests";
				PRODUCT_NAME = "$(TARGET_NAME)";
				SWIFT_VERSION = 5.0;
				TARGETED_DEVICE_FAMILY = "1,2";
				TEST_TARGET_NAME = "MungGu iOS";
			};
			name = Release;
		};
/* End XCBuildConfiguration section */

/* Begin XCConfigurationList section */
		CE5C646522C74AE700EC8AF4 /* Build configuration list for PBXProject "MungGu iOS" */ = {
			isa = XCConfigurationList;
			buildConfigurations = (
				CE5C649022C74AE900EC8AF4 /* Debug */,
				CE5C649122C74AE900EC8AF4 /* Release */,
			);
			defaultConfigurationIsVisible = 0;
			defaultConfigurationName = Release;
		};
		CE5C649222C74AE900EC8AF4 /* Build configuration list for PBXNativeTarget "MungGu iOS" */ = {
			isa = XCConfigurationList;
			buildConfigurations = (
				CE5C649322C74AE900EC8AF4 /* Debug */,
				CE5C649422C74AE900EC8AF4 /* Release */,
			);
			defaultConfigurationIsVisible = 0;
			defaultConfigurationName = Release;
		};
		CE5C649522C74AE900EC8AF4 /* Build configuration list for PBXNativeTarget "MungGu iOSTests" */ = {
			isa = XCConfigurationList;
			buildConfigurations = (
				CE5C649622C74AE900EC8AF4 /* Debug */,
				CE5C649722C74AE900EC8AF4 /* Release */,
			);
			defaultConfigurationIsVisible = 0;
			defaultConfigurationName = Release;
		};
		CE5C649822C74AE900EC8AF4 /* Build configuration list for PBXNativeTarget "MungGu iOSUITests" */ = {
			isa = XCConfigurationList;
			buildConfigurations = (
				CE5C649922C74AE900EC8AF4 /* Debug */,
				CE5C649A22C74AE900EC8AF4 /* Release */,
			);
			defaultConfigurationIsVisible = 0;
			defaultConfigurationName = Release;
		};
/* End XCConfigurationList section */
	};
	rootObject = CE5C646222C74AE700EC8AF4 /* Project object */;
}
